
Microsoft Visual Studio Solution File, Format Version 12.00
# Visual Studio Version 17
VisualStudioVersion = 17.14.36121.58
MinimumVisualStudioVersion = 10.0.40219.1
Project("{FAE04EC0-301F-11D3-BF4B-00C04F79EFBC}") = "ModernRouter", "src\ModernRouter\ModernRouter.csproj", "{0142AEDC-ABE7-CE1F-9AA3-73DF48CF95CC}"
EndProject
Project("{2150E333-8FDC-42A3-9474-1A3956D46DE8}") = "Solution Items", "Solution Items", "{8EC462FD-D22E-90A8-E5CE-7E832BA40C5D}"
	ProjectSection(SolutionItems) = preProject
		CODE REVIEW CHECKLIST.md = CODE REVIEW CHECKLIST.md
		LICENSE.md = LICENSE.md
		README.md = README.md
		TODO.md = TODO.md
	EndProjectSection
EndProject
Project("{FAE04EC0-301F-11D3-BF4B-00C04F79EFBC}") = "BlazorWebApp.Demo1", "samples\BlazorWebApp.Demo1\BlazorWebApp.Demo1\BlazorWebApp.Demo1.csproj", "{6DB1AA22-7890-49C7-9039-9C4EC7325B9F}"
EndProject
Project("{FAE04EC0-301F-11D3-BF4B-00C04F79EFBC}") = "BlazorWebApp.Demo1.Client", "samples\BlazorWebApp.Demo1\BlazorWebApp.Demo1.Client\BlazorWebApp.Demo1.Client.csproj", "{48D1921D-876A-4273-9454-EA7F71B624B5}"
EndProject
Project("{FAE04EC0-301F-11D3-BF4B-00C04F79EFBC}") = "ModernRouterDemo", "samples\ModernRouterDemo\ModernRouterDemo.csproj", "{C557E88D-8799-F0CF-95FD-5F152AAD0FD3}"
EndProject
Project("{2150E333-8FDC-42A3-9474-1A3956D46DE8}") = "tests", "tests", "{0AB3BF05-4346-4AA6-1389-037BE0695223}"
EndProject
Project("{FAE04EC0-301F-11D3-BF4B-00C04F79EFBC}") = "ModernRouter.Tests", "tests\ModernRouter.Tests\ModernRouter.Tests.csproj", "{D69A173C-B972-4FDF-A558-731D879364C8}"
EndProject
Global
	GlobalSection(SolutionConfigurationPlatforms) = preSolution
		Debug|Any CPU = Debug|Any CPU
		Debug|x64 = Debug|x64
		Debug|x86 = Debug|x86
		Release|Any CPU = Release|Any CPU
		Release|x64 = Release|x64
		Release|x86 = Release|x86
	EndGlobalSection
	GlobalSection(ProjectConfigurationPlatforms) = postSolution
		{0142AEDC-ABE7-CE1F-9AA3-73DF48CF95CC}.Debug|Any CPU.ActiveCfg = Debug|Any CPU
		{0142AEDC-ABE7-CE1F-9AA3-73DF48CF95CC}.Debug|Any CPU.Build.0 = Debug|Any CPU
		{0142AEDC-ABE7-CE1F-9AA3-73DF48CF95CC}.Debug|x64.ActiveCfg = Debug|Any CPU
		{0142AEDC-ABE7-CE1F-9AA3-73DF48CF95CC}.Debug|x64.Build.0 = Debug|Any CPU
		{0142AEDC-ABE7-CE1F-9AA3-73DF48CF95CC}.Debug|x86.ActiveCfg = Debug|Any CPU
		{0142AEDC-ABE7-CE1F-9AA3-73DF48CF95CC}.Debug|x86.Build.0 = Debug|Any CPU
		{0142AEDC-ABE7-CE1F-9AA3-73DF48CF95CC}.Release|Any CPU.ActiveCfg = Release|Any CPU
		{0142AEDC-ABE7-CE1F-9AA3-73DF48CF95CC}.Release|Any CPU.Build.0 = Release|Any CPU
		{0142AEDC-ABE7-CE1F-9AA3-73DF48CF95CC}.Release|x64.ActiveCfg = Release|Any CPU
		{0142AEDC-ABE7-CE1F-9AA3-73DF48CF95CC}.Release|x64.Build.0 = Release|Any CPU
		{0142AEDC-ABE7-CE1F-9AA3-73DF48CF95CC}.Release|x86.ActiveCfg = Release|Any CPU
		{0142AEDC-ABE7-CE1F-9AA3-73DF48CF95CC}.Release|x86.Build.0 = Release|Any CPU
		{6DB1AA22-7890-49C7-9039-9C4EC7325B9F}.Debug|Any CPU.ActiveCfg = Debug|Any CPU
		{6DB1AA22-7890-49C7-9039-9C4EC7325B9F}.Debug|Any CPU.Build.0 = Debug|Any CPU
		{6DB1AA22-7890-49C7-9039-9C4EC7325B9F}.Debug|x64.ActiveCfg = Debug|Any CPU
		{6DB1AA22-7890-49C7-9039-9C4EC7325B9F}.Debug|x64.Build.0 = Debug|Any CPU
		{6DB1AA22-7890-49C7-9039-9C4EC7325B9F}.Debug|x86.ActiveCfg = Debug|Any CPU
		{6DB1AA22-7890-49C7-9039-9C4EC7325B9F}.Debug|x86.Build.0 = Debug|Any CPU
		{6DB1AA22-7890-49C7-9039-9C4EC7325B9F}.Release|Any CPU.ActiveCfg = Release|Any CPU
		{6DB1AA22-7890-49C7-9039-9C4EC7325B9F}.Release|Any CPU.Build.0 = Release|Any CPU
		{6DB1AA22-7890-49C7-9039-9C4EC7325B9F}.Release|x64.ActiveCfg = Release|Any CPU
		{6DB1AA22-7890-49C7-9039-9C4EC7325B9F}.Release|x64.Build.0 = Release|Any CPU
		{6DB1AA22-7890-49C7-9039-9C4EC7325B9F}.Release|x86.ActiveCfg = Release|Any CPU
		{6DB1AA22-7890-49C7-9039-9C4EC7325B9F}.Release|x86.Build.0 = Release|Any CPU
		{48D1921D-876A-4273-9454-EA7F71B624B5}.Debug|Any CPU.ActiveCfg = Debug|Any CPU
		{48D1921D-876A-4273-9454-EA7F71B624B5}.Debug|Any CPU.Build.0 = Debug|Any CPU
		{48D1921D-876A-4273-9454-EA7F71B624B5}.Debug|x64.ActiveCfg = Debug|Any CPU
		{48D1921D-876A-4273-9454-EA7F71B624B5}.Debug|x64.Build.0 = Debug|Any CPU
		{48D1921D-876A-4273-9454-EA7F71B624B5}.Debug|x86.ActiveCfg = Debug|Any CPU
		{48D1921D-876A-4273-9454-EA7F71B624B5}.Debug|x86.Build.0 = Debug|Any CPU
		{48D1921D-876A-4273-9454-EA7F71B624B5}.Release|Any CPU.ActiveCfg = Release|Any CPU
		{48D1921D-876A-4273-9454-EA7F71B624B5}.Release|Any CPU.Build.0 = Release|Any CPU
		{48D1921D-876A-4273-9454-EA7F71B624B5}.Release|x64.ActiveCfg = Release|Any CPU
		{48D1921D-876A-4273-9454-EA7F71B624B5}.Release|x64.Build.0 = Release|Any CPU
		{48D1921D-876A-4273-9454-EA7F71B624B5}.Release|x86.ActiveCfg = Release|Any CPU
		{48D1921D-876A-4273-9454-EA7F71B624B5}.Release|x86.Build.0 = Release|Any CPU
		{C557E88D-8799-F0CF-95FD-5F152AAD0FD3}.Debug|Any CPU.ActiveCfg = Debug|Any CPU
		{C557E88D-8799-F0CF-95FD-5F152AAD0FD3}.Debug|Any CPU.Build.0 = Debug|Any CPU
		{C557E88D-8799-F0CF-95FD-5F152AAD0FD3}.Debug|x64.ActiveCfg = Debug|Any CPU
		{C557E88D-8799-F0CF-95FD-5F152AAD0FD3}.Debug|x64.Build.0 = Debug|Any CPU
		{C557E88D-8799-F0CF-95FD-5F152AAD0FD3}.Debug|x86.ActiveCfg = Debug|Any CPU
		{C557E88D-8799-F0CF-95FD-5F152AAD0FD3}.Debug|x86.Build.0 = Debug|Any CPU
		{C557E88D-8799-F0CF-95FD-5F152AAD0FD3}.Release|Any CPU.ActiveCfg = Release|Any CPU
		{C557E88D-8799-F0CF-95FD-5F152AAD0FD3}.Release|Any CPU.Build.0 = Release|Any CPU
		{C557E88D-8799-F0CF-95FD-5F152AAD0FD3}.Release|x64.ActiveCfg = Release|Any CPU
		{C557E88D-8799-F0CF-95FD-5F152AAD0FD3}.Release|x64.Build.0 = Release|Any CPU
		{C557E88D-8799-F0CF-95FD-5F152AAD0FD3}.Release|x86.ActiveCfg = Release|Any CPU
		{C557E88D-8799-F0CF-95FD-5F152AAD0FD3}.Release|x86.Build.0 = Release|Any CPU
		{D69A173C-B972-4FDF-A558-731D879364C8}.Debug|Any CPU.ActiveCfg = Debug|Any CPU
		{D69A173C-B972-4FDF-A558-731D879364C8}.Debug|Any CPU.Build.0 = Debug|Any CPU
		{D69A173C-B972-4FDF-A558-731D879364C8}.Debug|x64.ActiveCfg = Debug|Any CPU
		{D69A173C-B972-4FDF-A558-731D879364C8}.Debug|x64.Build.0 = Debug|Any CPU
		{D69A173C-B972-4FDF-A558-731D879364C8}.Debug|x86.ActiveCfg = Debug|Any CPU
		{D69A173C-B972-4FDF-A558-731D879364C8}.Debug|x86.Build.0 = Debug|Any CPU
		{D69A173C-B972-4FDF-A558-731D879364C8}.Release|Any CPU.ActiveCfg = Release|Any CPU
		{D69A173C-B972-4FDF-A558-731D879364C8}.Release|Any CPU.Build.0 = Release|Any CPU
		{D69A173C-B972-4FDF-A558-731D879364C8}.Release|x64.ActiveCfg = Release|Any CPU
		{D69A173C-B972-4FDF-A558-731D879364C8}.Release|x64.Build.0 = Release|Any CPU
		{D69A173C-B972-4FDF-A558-731D879364C8}.Release|x86.ActiveCfg = Release|Any CPU
		{D69A173C-B972-4FDF-A558-731D879364C8}.Release|x86.Build.0 = Release|Any CPU
	EndGlobalSection
	GlobalSection(SolutionProperties) = preSolution
		HideSolutionNode = FALSE
	EndGlobalSection
	GlobalSection(NestedProjects) = preSolution
		{D69A173C-B972-4FDF-A558-731D879364C8} = {0AB3BF05-4346-4AA6-1389-037BE0695223}
	EndGlobalSection
	GlobalSection(ExtensibilityGlobals) = postSolution
		SolutionGuid = {2408E1CD-8DCB-41D2-B0FE-DE32772FCCF7}
	EndGlobalSection
EndGlobal
