
Microsoft Visual Studio Solution File, Format Version 12.00
# Visual Studio Version 17
VisualStudioVersion = 17.14.36121.58
MinimumVisualStudioVersion = 10.0.40219.1
Project("{FAE04EC0-301F-11D3-BF4B-00C04F79EFBC}") = "ModernRouter", "src\ModernRouter\ModernRouter.csproj", "{0142AEDC-ABE7-CE1F-9AA3-73DF48CF95CC}"
EndProject
Project("{FAE04EC0-301F-11D3-BF4B-00C04F79EFBC}") = "ModernRouterDemo", "samples\ModernRouterDemo\ModernRouterDemo.csproj", "{C557E88D-8799-F0CF-95FD-5F152AAD0FD3}"
EndProject
Global
	GlobalSection(SolutionConfigurationPlatforms) = preSolution
		Debug|Any CPU = Debug|Any CPU
		Release|Any CPU = Release|Any CPU
	EndGlobalSection
	GlobalSection(ProjectConfigurationPlatforms) = postSolution
		{0142AEDC-ABE7-CE1F-9AA3-73DF48CF95CC}.Debug|Any CPU.ActiveCfg = Debug|Any CPU
		{0142AEDC-ABE7-CE1F-9AA3-73DF48CF95CC}.Debug|Any CPU.Build.0 = Debug|Any CPU
		{0142AEDC-ABE7-CE1F-9AA3-73DF48CF95CC}.Release|Any CPU.ActiveCfg = Release|Any CPU
		{0142AEDC-ABE7-CE1F-9AA3-73DF48CF95CC}.Release|Any CPU.Build.0 = Release|Any CPU
		{C557E88D-8799-F0CF-95FD-5F152AAD0FD3}.Debug|Any CPU.ActiveCfg = Debug|Any CPU
		{C557E88D-8799-F0CF-95FD-5F152AAD0FD3}.Debug|Any CPU.Build.0 = Debug|Any CPU
		{C557E88D-8799-F0CF-95FD-5F152AAD0FD3}.Release|Any CPU.ActiveCfg = Release|Any CPU
		{C557E88D-8799-F0CF-95FD-5F152AAD0FD3}.Release|Any CPU.Build.0 = Release|Any CPU
	EndGlobalSection
	GlobalSection(SolutionProperties) = preSolution
		HideSolutionNode = FALSE
	EndGlobalSection
	GlobalSection(ExtensibilityGlobals) = postSolution
		SolutionGuid = {2408E1CD-8DCB-41D2-B0FE-DE32772FCCF7}
	EndGlobalSection
EndGlobal
